// !$*UTF8*$!
{
	archiveVersion = 1;
	classes = {
	};
	objectVersion = 51;
	objects = {

/* Begin PBXBuildFile section */
		0E75940BC197856D40BBBBAB /* Pods_cicili_conductor.framework in Frameworks */ = {isa = PBXBuildFile; fileRef = 82163BCB08987EE848432F40 /* Pods_cicili_conductor.framework */; };
		3105B11F23C94522004EA64A /* AddressTableCardViewController.swift in Sources */ = {isa = PBXBuildFile; fileRef = 3105B11E23C94522004EA64A /* AddressTableCardViewController.swift */; };
		3105B12123C94729004EA64A /* AddressTableViewCell.swift in Sources */ = {isa = PBXBuildFile; fileRef = 3105B12023C94729004EA64A /* AddressTableViewCell.swift */; };
		3105B12523CA4266004EA64A /* AddressTable.swift in Sources */ = {isa = PBXBuildFile; fileRef = 3105B12423CA4266004EA64A /* AddressTable.swift */; };
		310DB09323E3D2FE0068F72C /* NearDrivers.swift in Sources */ = {isa = PBXBuildFile; fileRef = 310DB09223E3D2FE0068F72C /* NearDrivers.swift */; };
		31119D0B23FEFEEE003B67DB /* HistoricalTable.swift in Sources */ = {isa = PBXBuildFile; fileRef = 31119D0A23FEFEEE003B67DB /* HistoricalTable.swift */; };
		311C7DE5240991C2000AEC47 /* AccountUpdateViewController.swift in Sources */ = {isa = PBXBuildFile; fileRef = 311C7DE4240991C2000AEC47 /* AccountUpdateViewController.swift */; };
		311CE12223EE852B00A160DF /* GoogleService-Info.plist in Resources */ = {isa = PBXBuildFile; fileRef = 311CE12123EE852A00A160DF /* GoogleService-Info.plist */; };
		311DB68B23D0E15900C8A989 /* AvailableDriversViewController.swift in Sources */ = {isa = PBXBuildFile; fileRef = 311DB68A23D0E15900C8A989 /* AvailableDriversViewController.swift */; };
		311DB68F23D0E35E00C8A989 /* AvailableDriversTableViewCell.swift in Sources */ = {isa = PBXBuildFile; fileRef = 311DB68E23D0E35E00C8A989 /* AvailableDriversTableViewCell.swift */; };
		311DB69123D0E39100C8A989 /* AvailableDrivers.swift in Sources */ = {isa = PBXBuildFile; fileRef = 311DB69023D0E39100C8A989 /* AvailableDrivers.swift */; };
		311DB69423D2417600C8A989 /* SuburbsViewController.swift in Sources */ = {isa = PBXBuildFile; fileRef = 311DB69323D2417500C8A989 /* SuburbsViewController.swift */; };
		311DB69623D241A200C8A989 /* SuburbsTableViewCell.swift in Sources */ = {isa = PBXBuildFile; fileRef = 311DB69523D241A200C8A989 /* SuburbsTableViewCell.swift */; };
		311DB69823D241DE00C8A989 /* SuburbsTable.swift in Sources */ = {isa = PBXBuildFile; fileRef = 311DB69723D241DE00C8A989 /* SuburbsTable.swift */; };
		3129D2C12407A6190035C245 /* CuentaBancariaViewController.swift in Sources */ = {isa = PBXBuildFile; fileRef = 3129D2C02407A6190035C245 /* CuentaBancariaViewController.swift */; };
		312CE81923EBCDB900655B00 /* AcceptOrder.storyboard in Resources */ = {isa = PBXBuildFile; fileRef = 312CE81823EBCDB900655B00 /* AcceptOrder.storyboard */; };
		3130151D21DB188C004E8AF0 /* CommentsData.swift in Sources */ = {isa = PBXBuildFile; fileRef = 3130151C21DB188C004E8AF0 /* CommentsData.swift */; };
		3130151F21DB1D80004E8AF0 /* CommentsTable.swift in Sources */ = {isa = PBXBuildFile; fileRef = 3130151E21DB1D80004E8AF0 /* CommentsTable.swift */; };
		3137F9B423A8BA4800D8D8FF /* AppDelegate.swift in Sources */ = {isa = PBXBuildFile; fileRef = 3137F9B323A8BA4800D8D8FF /* AppDelegate.swift */; };
		3137F9B623A8BA4800D8D8FF /* ViewController.swift in Sources */ = {isa = PBXBuildFile; fileRef = 3137F9B523A8BA4800D8D8FF /* ViewController.swift */; };
		3137F9B923A8BA4800D8D8FF /* Main.storyboard in Resources */ = {isa = PBXBuildFile; fileRef = 3137F9B723A8BA4800D8D8FF /* Main.storyboard */; };
		3137F9BC23A8BA4800D8D8FF /* cicili_conductor.xcdatamodeld in Sources */ = {isa = PBXBuildFile; fileRef = 3137F9BA23A8BA4800D8D8FF /* cicili_conductor.xcdatamodeld */; };
		3137F9BE23A8BA5000D8D8FF /* Assets.xcassets in Resources */ = {isa = PBXBuildFile; fileRef = 3137F9BD23A8BA5000D8D8FF /* Assets.xcassets */; };
		3137F9C123A8BA5000D8D8FF /* LaunchScreen.storyboard in Resources */ = {isa = PBXBuildFile; fileRef = 3137F9BF23A8BA5000D8D8FF /* LaunchScreen.storyboard */; };
		314EB2E4240818080074D825 /* SlidePayment.swift in Sources */ = {isa = PBXBuildFile; fileRef = 314EB2E2240818070074D825 /* SlidePayment.swift */; };
		314EB2E5240818080074D825 /* SlidePayment.xib in Resources */ = {isa = PBXBuildFile; fileRef = 314EB2E3240818070074D825 /* SlidePayment.xib */; };
		314EB2E724083F010074D825 /* AccountData.swift in Sources */ = {isa = PBXBuildFile; fileRef = 314EB2E624083F000074D825 /* AccountData.swift */; };
		31510F3B23FD03F1005D9967 /* ResponseData.swift in Sources */ = {isa = PBXBuildFile; fileRef = 31510F3A23FD03F1005D9967 /* ResponseData.swift */; };
		31510F3D23FD156E005D9967 /* DetailCommentsViewController.swift in Sources */ = {isa = PBXBuildFile; fileRef = 31510F3C23FD156E005D9967 /* DetailCommentsViewController.swift */; };
		31510F3F23FD17F7005D9967 /* CommentsTableViewCell.swift in Sources */ = {isa = PBXBuildFile; fileRef = 31510F3E23FD17F7005D9967 /* CommentsTableViewCell.swift */; };
		3154D05223FEDE7D00AB6E70 /* HistoricalTableViewCell.swift in Sources */ = {isa = PBXBuildFile; fileRef = 3154D05123FEDE7D00AB6E70 /* HistoricalTableViewCell.swift */; };
		3154D05423FEDEDE00AB6E70 /* HistoricalTableViewController.swift in Sources */ = {isa = PBXBuildFile; fileRef = 3154D05323FEDEDE00AB6E70 /* HistoricalTableViewController.swift */; };
		317710482406BED40045DD44 /* LitersReportViewController.swift in Sources */ = {isa = PBXBuildFile; fileRef = 317710472406BED40045DD44 /* LitersReportViewController.swift */; };
		3178F9892402556400FD3157 /* TankTruckData.swift in Sources */ = {isa = PBXBuildFile; fileRef = 3178F9882402556400FD3157 /* TankTruckData.swift */; };
		3181A3C324035C1900DCEC12 /* SalesReportViewController.swift in Sources */ = {isa = PBXBuildFile; fileRef = 3181A3C224035C1900DCEC12 /* SalesReportViewController.swift */; };
		3189226124005DEB003FF7D0 /* BoardViewController.swift in Sources */ = {isa = PBXBuildFile; fileRef = 3189226024005DEB003FF7D0 /* BoardViewController.swift */; };
		31892263240077D8003FF7D0 /* BoardTableViewCell.swift in Sources */ = {isa = PBXBuildFile; fileRef = 31892262240077D8003FF7D0 /* BoardTableViewCell.swift */; };
		318922662400A672003FF7D0 /* DocumentsStoryboard.storyboard in Resources */ = {isa = PBXBuildFile; fileRef = 318922652400A672003FF7D0 /* DocumentsStoryboard.storyboard */; };
		318922682400A6B5003FF7D0 /* AccountStoryboard.storyboard in Resources */ = {isa = PBXBuildFile; fileRef = 318922672400A6B5003FF7D0 /* AccountStoryboard.storyboard */; };
		3189226A2400A6FC003FF7D0 /* TankTruckStoryboard.storyboard in Resources */ = {isa = PBXBuildFile; fileRef = 318922692400A6FC003FF7D0 /* TankTruckStoryboard.storyboard */; };
		318AB9BD23F50F5E00A62183 /* DataService.swift in Sources */ = {isa = PBXBuildFile; fileRef = 318AB9BC23F50F5E00A62183 /* DataService.swift */; };
		318AB9BF23F50F7A00A62183 /* UpdateService.swift in Sources */ = {isa = PBXBuildFile; fileRef = 318AB9BE23F50F7A00A62183 /* UpdateService.swift */; };
		318AB9C223F50FDC00A62183 /* DriverAnnotation.swift in Sources */ = {isa = PBXBuildFile; fileRef = 318AB9C123F50FDC00A62183 /* DriverAnnotation.swift */; };
		31936E9023D00DF300D49CDB /* AddressTableViewController.swift in Sources */ = {isa = PBXBuildFile; fileRef = 31936E8F23D00DF300D49CDB /* AddressTableViewController.swift */; };
		31AC78AA23E10971003230C0 /* HideCursor.swift in Sources */ = {isa = PBXBuildFile; fileRef = 31AC78A923E10971003230C0 /* HideCursor.swift */; };
		31B1F8F12404E9870013CB59 /* SalesParameters.swift in Sources */ = {isa = PBXBuildFile; fileRef = 31B1F8F02404E9870013CB59 /* SalesParameters.swift */; };
		31B3586823C404CD00707C82 /* RequestOrderViewController.swift in Sources */ = {isa = PBXBuildFile; fileRef = 31B3586723C404CD00707C82 /* RequestOrderViewController.swift */; };
		31B3586B23C6374B00707C82 /* CardMapViewController.swift in Sources */ = {isa = PBXBuildFile; fileRef = 31B3586923C6374B00707C82 /* CardMapViewController.swift */; };
		31B3586C23C6374B00707C82 /* CardMapViewController.xib in Resources */ = {isa = PBXBuildFile; fileRef = 31B3586A23C6374B00707C82 /* CardMapViewController.xib */; };
		31BE0A732401C5D400FE7D70 /* DocumentsData.swift in Sources */ = {isa = PBXBuildFile; fileRef = 31BE0A722401C5D400FE7D70 /* DocumentsData.swift */; };
		31BE0A752401D09600FE7D70 /* DocumentsTableViewCell.swift in Sources */ = {isa = PBXBuildFile; fileRef = 31BE0A742401D09600FE7D70 /* DocumentsTableViewCell.swift */; };
		31BF497823F70E5500CA868A /* PassengerAnnotation.swift in Sources */ = {isa = PBXBuildFile; fileRef = 31BF497723F70E5500CA868A /* PassengerAnnotation.swift */; };
		31C05B7C23FC8104003A260D /* QualificationViewController.swift in Sources */ = {isa = PBXBuildFile; fileRef = 31C05B7B23FC8104003A260D /* QualificationViewController.swift */; };
		31C05B7E23FC81E5003A260D /* QueriesViewController.swift in Sources */ = {isa = PBXBuildFile; fileRef = 31C05B7D23FC81E5003A260D /* QueriesViewController.swift */; };
		31C2EBF823EBB5BE00F2323C /* AcceptOrderViewController.swift in Sources */ = {isa = PBXBuildFile; fileRef = 31C2EBF723EBB5BE00F2323C /* AcceptOrderViewController.swift */; };
		31C2EBFA23EBB5F700F2323C /* RemoteNotification.swift in Sources */ = {isa = PBXBuildFile; fileRef = 31C2EBF923EBB5F700F2323C /* RemoteNotification.swift */; };
		31F55EAC23E4EDF80017DA8A /* HealthKit.framework in Frameworks */ = {isa = PBXBuildFile; fileRef = 31F55EAB23E4EDF80017DA8A /* HealthKit.framework */; };
		31F9E7A423F0741A00403DC6 /* ResponseOrder.swift in Sources */ = {isa = PBXBuildFile; fileRef = 31F9E7A323F0741A00403DC6 /* ResponseOrder.swift */; };
		31F9E7A823F0DCF600403DC6 /* RequestedOrderViewController.swift in Sources */ = {isa = PBXBuildFile; fileRef = 31F9E7A723F0DCF600403DC6 /* RequestedOrderViewController.swift */; };
		31FA1A562400BEF80038C270 /* DocumentsViewController.swift in Sources */ = {isa = PBXBuildFile; fileRef = 31FA1A552400BEF80038C270 /* DocumentsViewController.swift */; };
		31FA1A582400BF160038C270 /* AccountViewController.swift in Sources */ = {isa = PBXBuildFile; fileRef = 31FA1A572400BF160038C270 /* AccountViewController.swift */; };
		31FA1A5A2400BF320038C270 /* TankTruckViewController.swift in Sources */ = {isa = PBXBuildFile; fileRef = 31FA1A592400BF320038C270 /* TankTruckViewController.swift */; };
		5702B72A23CFDD8A00DA81D3 /* VerifyStatus.swift in Sources */ = {isa = PBXBuildFile; fileRef = 5702B72923CFDD8A00DA81D3 /* VerifyStatus.swift */; };
		5712CA9223D14957007284F2 /* ImagePicker.swift in Sources */ = {isa = PBXBuildFile; fileRef = 5712CA9123D14957007284F2 /* ImagePicker.swift */; };
		57AA27E023C57E3D00275CF1 /* PersonalData.storyboard in Resources */ = {isa = PBXBuildFile; fileRef = 57AA27DF23C57E3D00275CF1 /* PersonalData.storyboard */; };
		57AA27E423C64DC300275CF1 /* ForgotPassword.storyboard in Resources */ = {isa = PBXBuildFile; fileRef = 57AA27E323C64DC300275CF1 /* ForgotPassword.storyboard */; };
		57ACFB5C23C9969F00357C85 /* ImageConverter.swift in Sources */ = {isa = PBXBuildFile; fileRef = 57ACFB5B23C9969F00357C85 /* ImageConverter.swift */; };
		57ACFB5E23C9C64F00357C85 /* PaymentDataStoryboard.storyboard in Resources */ = {isa = PBXBuildFile; fileRef = 57ACFB5D23C9C64F00357C85 /* PaymentDataStoryboard.storyboard */; };
		57ACFB6023C9C8DC00357C85 /* PaymentDataViewController.swift in Sources */ = {isa = PBXBuildFile; fileRef = 57ACFB5F23C9C8DC00357C85 /* PaymentDataViewController.swift */; };
		57ACFB6223C9DA2700357C85 /* Payment.swift in Sources */ = {isa = PBXBuildFile; fileRef = 57ACFB6123C9DA2700357C85 /* Payment.swift */; };
		57ACFB6423C9E65000357C85 /* AddressData.storyboard in Resources */ = {isa = PBXBuildFile; fileRef = 57ACFB6323C9E65000357C85 /* AddressData.storyboard */; };
		57ACFB6623C9E68400357C85 /* AddressDataViewController.swift in Sources */ = {isa = PBXBuildFile; fileRef = 57ACFB6523C9E68400357C85 /* AddressDataViewController.swift */; };
		57ACFB6823CA26EB00357C85 /* Address.swift in Sources */ = {isa = PBXBuildFile; fileRef = 57ACFB6723CA26EB00357C85 /* Address.swift */; };
		57B2057623C6645A005FF554 /* PersonalDataViewController.swift in Sources */ = {isa = PBXBuildFile; fileRef = 57B2057523C6645A005FF554 /* PersonalDataViewController.swift */; };
		57B2057823C66BC2005FF554 /* Personal.swift in Sources */ = {isa = PBXBuildFile; fileRef = 57B2057723C66BC2005FF554 /* Personal.swift */; };
		57B7B33B23C26D4A00731CE7 /* MainViewController.swift in Sources */ = {isa = PBXBuildFile; fileRef = 57B7B33A23C26D4A00731CE7 /* MainViewController.swift */; };
		57B7B33D23C26E4000731CE7 /* LostPasswordViewController.swift in Sources */ = {isa = PBXBuildFile; fileRef = 57B7B33C23C26E4000731CE7 /* LostPasswordViewController.swift */; };
		57B7B33F23C26E8500731CE7 /* VerifyCodeViewController.swift in Sources */ = {isa = PBXBuildFile; fileRef = 57B7B33E23C26E8500731CE7 /* VerifyCodeViewController.swift */; };
		57B7B34123C28A1E00731CE7 /* DIsmissSegue.swift in Sources */ = {isa = PBXBuildFile; fileRef = 57B7B34023C28A1E00731CE7 /* DIsmissSegue.swift */; };
		57B7B34423C28C4000731CE7 /* List.storyboard in Resources */ = {isa = PBXBuildFile; fileRef = 57B7B34323C28C4000731CE7 /* List.storyboard */; };
		57B7B34623C2A47000731CE7 /* ListViewController.swift in Sources */ = {isa = PBXBuildFile; fileRef = 57B7B34523C2A47000731CE7 /* ListViewController.swift */; };
		57B7B34823C2B4F000731CE7 /* Response.swift in Sources */ = {isa = PBXBuildFile; fileRef = 57B7B34723C2B4F000731CE7 /* Response.swift */; };
		57B857EB23BDE90A0012BF94 /* Router.swift in Sources */ = {isa = PBXBuildFile; fileRef = 57B857EA23BDE90A0012BF94 /* Router.swift */; };
		57BB85D023C654AE0057EE45 /* ForgotPasswordViewController.swift in Sources */ = {isa = PBXBuildFile; fileRef = 57BB85CF23C654AE0057EE45 /* ForgotPasswordViewController.swift */; };
		57C22D4723C7A61100835B8F /* LoginModel.swift in Sources */ = {isa = PBXBuildFile; fileRef = 57C22D4623C7A61100835B8F /* LoginModel.swift */; };
		57CD140923BE88AE0056913B /* RequestManager.swift in Sources */ = {isa = PBXBuildFile; fileRef = 57CD140823BE88AE0056913B /* RequestManager.swift */; };
		57CD140C23BEAD0C0056913B /* Cliente.swift in Sources */ = {isa = PBXBuildFile; fileRef = 57CD140B23BEAD0C0056913B /* Cliente.swift */; };
		57CD140E23BEB97C0056913B /* Constants.swift in Sources */ = {isa = PBXBuildFile; fileRef = 57CD140D23BEB97C0056913B /* Constants.swift */; };
		57CF14DA23C1C4D500389C06 /* MapKit.framework in Frameworks */ = {isa = PBXBuildFile; fileRef = 57CF14D923C1C4D500389C06 /* MapKit.framework */; };
		57D1BAEE23BF516E00551DA7 /* AlertManager.swift in Sources */ = {isa = PBXBuildFile; fileRef = 57D1BAED23BF516E00551DA7 /* AlertManager.swift */; };
		57D1BAF223BFB01B00551DA7 /* RegisterViewController.swift in Sources */ = {isa = PBXBuildFile; fileRef = 57D1BAF123BFB01A00551DA7 /* RegisterViewController.swift */; };
		57D1BAF623C001D200551DA7 /* Direcciones.swift in Sources */ = {isa = PBXBuildFile; fileRef = 57D1BAF523C001D200551DA7 /* Direcciones.swift */; };
		57D1BAF823C0028F00551DA7 /* Asentamiento.swift in Sources */ = {isa = PBXBuildFile; fileRef = 57D1BAF723C0028F00551DA7 /* Asentamiento.swift */; };
		57D35CCD23E4CFFD00DE251C /* SendNearDriverViewController.swift in Sources */ = {isa = PBXBuildFile; fileRef = 57D35CCB23E4CFFD00DE251C /* SendNearDriverViewController.swift */; };
		57D35CCE23E4CFFD00DE251C /* SendNearDriverViewController.xib in Resources */ = {isa = PBXBuildFile; fileRef = 57D35CCC23E4CFFD00DE251C /* SendNearDriverViewController.xib */; };
		57D35CD023E5161100DE251C /* Order.swift in Sources */ = {isa = PBXBuildFile; fileRef = 57D35CCF23E5161100DE251C /* Order.swift */; };
		57D5DAF223E61E0E0019392D /* NewOrder.storyboard in Resources */ = {isa = PBXBuildFile; fileRef = 57D5DAF123E61E0E0019392D /* NewOrder.storyboard */; };
		57D5DAF523E65A210019392D /* CancelOrderViewController.swift in Sources */ = {isa = PBXBuildFile; fileRef = 57D5DAF323E65A210019392D /* CancelOrderViewController.swift */; };
		57D5DAF623E65A210019392D /* CancelOrderViewController.xib in Resources */ = {isa = PBXBuildFile; fileRef = 57D5DAF423E65A210019392D /* CancelOrderViewController.xib */; };
		57D5DAF823E668630019392D /* NewOrderViewController.swift in Sources */ = {isa = PBXBuildFile; fileRef = 57D5DAF723E668630019392D /* NewOrderViewController.swift */; };
		57D5DAFA23E7185A0019392D /* ReusableIdText.swift in Sources */ = {isa = PBXBuildFile; fileRef = 57D5DAF923E7185A0019392D /* ReusableIdText.swift */; };
		57E0BEB523BAA32200F60209 /* WSKeys.swift in Sources */ = {isa = PBXBuildFile; fileRef = 57E0BEB423BAA32200F60209 /* WSKeys.swift */; };
		57E3620123D21469003931AD /* DataByZipCode.swift in Sources */ = {isa = PBXBuildFile; fileRef = 57E3620023D21469003931AD /* DataByZipCode.swift */; };
		57E3620323D214EF003931AD /* KeysDatailZC.swift in Sources */ = {isa = PBXBuildFile; fileRef = 57E3620223D214EF003931AD /* KeysDatailZC.swift */; };
		57E7C08823E9D8B000D51FE7 /* NewOrder.swift in Sources */ = {isa = PBXBuildFile; fileRef = 57E7C08723E9D8B000D51FE7 /* NewOrder.swift */; };
		57E7C08B23EAEAE000D51FE7 /* CardOrderViewController.swift in Sources */ = {isa = PBXBuildFile; fileRef = 57E7C08923EAEAE000D51FE7 /* CardOrderViewController.swift */; };
		57E7C08C23EAEAE000D51FE7 /* CardOrderViewController.xib in Resources */ = {isa = PBXBuildFile; fileRef = 57E7C08A23EAEAE000D51FE7 /* CardOrderViewController.xib */; };
		57E7C08E23EBA35C00D51FE7 /* ConfirmCancelViewController.swift in Sources */ = {isa = PBXBuildFile; fileRef = 57E7C08D23EBA35C00D51FE7 /* ConfirmCancelViewController.swift */; };
		57F0183923DC2BFE00213DFC /* AddressLocationViewController.swift in Sources */ = {isa = PBXBuildFile; fileRef = 57F0183823DC2BFE00213DFC /* AddressLocationViewController.swift */; };
		57F0183B23DC41DA00213DFC /* LocationManager.swift in Sources */ = {isa = PBXBuildFile; fileRef = 57F0183A23DC41DA00213DFC /* LocationManager.swift */; };
		57F0183D23DC563E00213DFC /* MapPin.swift in Sources */ = {isa = PBXBuildFile; fileRef = 57F0183C23DC563E00213DFC /* MapPin.swift */; };
		57F0183F23DC824600213DFC /* MapPinView.swift in Sources */ = {isa = PBXBuildFile; fileRef = 57F0183E23DC824600213DFC /* MapPinView.swift */; };
		57F80F3723D0DBC600913033 /* Status.swift in Sources */ = {isa = PBXBuildFile; fileRef = 57F80F3623D0DBC600913033 /* Status.swift */; };
		900741D623DFA40B00B1B29D /* SupplementaryDataViewController.swift in Sources */ = {isa = PBXBuildFile; fileRef = 900741D523DFA40B00B1B29D /* SupplementaryDataViewController.swift */; };
		900741D823DFABED00B1B29D /* direccionDetalleViewController.swift in Sources */ = {isa = PBXBuildFile; fileRef = 900741D723DFABED00B1B29D /* direccionDetalleViewController.swift */; };
		9055278823E67E540088FCB0 /* aclaracionViewController.swift in Sources */ = {isa = PBXBuildFile; fileRef = 9055278723E67E540088FCB0 /* aclaracionViewController.swift */; };
		9065F15023E28BCA00F60A40 /* PedidosViewController.swift in Sources */ = {isa = PBXBuildFile; fileRef = 9065F14F23E28BCA00F60A40 /* PedidosViewController.swift */; };
		9065F15223E2959A00F60A40 /* DetallePedidosViewController.swift in Sources */ = {isa = PBXBuildFile; fileRef = 9065F15123E2959A00F60A40 /* DetallePedidosViewController.swift */; };
		9065F15423E295C000F60A40 /* DetalleProgramarPedidoViewController.swift in Sources */ = {isa = PBXBuildFile; fileRef = 9065F15323E295C000F60A40 /* DetalleProgramarPedidoViewController.swift */; };
		9065F15623E34AD900F60A40 /* PedidoHistoricoTableViewCell.swift in Sources */ = {isa = PBXBuildFile; fileRef = 9065F15523E34AD800F60A40 /* PedidoHistoricoTableViewCell.swift */; };
		90C9179B23C7144C0017B615 /* fieldUnderline.swift in Sources */ = {isa = PBXBuildFile; fileRef = 90C9179923C7144C0017B615 /* fieldUnderline.swift */; };
		90C9179C23C7144C0017B615 /* roundedBtn.swift in Sources */ = {isa = PBXBuildFile; fileRef = 90C9179A23C7144C0017B615 /* roundedBtn.swift */; };
		90E29AED23D24F5E00677E48 /* usuarioViewController.swift in Sources */ = {isa = PBXBuildFile; fileRef = 90E29AEC23D24F5E00677E48 /* usuarioViewController.swift */; };
		90E29AEF23D25BF300677E48 /* MainTabController.swift in Sources */ = {isa = PBXBuildFile; fileRef = 90E29AEE23D25BF300677E48 /* MainTabController.swift */; };
		90E29AF723D7B93E00677E48 /* perfilViewController.swift in Sources */ = {isa = PBXBuildFile; fileRef = 90E29AF623D7B93E00677E48 /* perfilViewController.swift */; };
/* End PBXBuildFile section */

/* Begin PBXFileReference section */
		3105B11E23C94522004EA64A /* AddressTableCardViewController.swift */ = {isa = PBXFileReference; lastKnownFileType = sourcecode.swift; path = AddressTableCardViewController.swift; sourceTree = "<group>"; };
		3105B12023C94729004EA64A /* AddressTableViewCell.swift */ = {isa = PBXFileReference; lastKnownFileType = sourcecode.swift; path = AddressTableViewCell.swift; sourceTree = "<group>"; };
		3105B12423CA4266004EA64A /* AddressTable.swift */ = {isa = PBXFileReference; lastKnownFileType = sourcecode.swift; path = AddressTable.swift; sourceTree = "<group>"; };
		310DB09223E3D2FE0068F72C /* NearDrivers.swift */ = {isa = PBXFileReference; lastKnownFileType = sourcecode.swift; path = NearDrivers.swift; sourceTree = "<group>"; };
		31119D0A23FEFEEE003B67DB /* HistoricalTable.swift */ = {isa = PBXFileReference; lastKnownFileType = sourcecode.swift; path = HistoricalTable.swift; sourceTree = "<group>"; };
		311C7DE4240991C2000AEC47 /* AccountUpdateViewController.swift */ = {isa = PBXFileReference; lastKnownFileType = sourcecode.swift; path = AccountUpdateViewController.swift; sourceTree = "<group>"; };
		311CE12123EE852A00A160DF /* GoogleService-Info.plist */ = {isa = PBXFileReference; fileEncoding = 4; lastKnownFileType = text.plist.xml; path = "GoogleService-Info.plist"; sourceTree = "<group>"; };
		311DB68A23D0E15900C8A989 /* AvailableDriversViewController.swift */ = {isa = PBXFileReference; lastKnownFileType = sourcecode.swift; path = AvailableDriversViewController.swift; sourceTree = "<group>"; };
		311DB68E23D0E35E00C8A989 /* AvailableDriversTableViewCell.swift */ = {isa = PBXFileReference; lastKnownFileType = sourcecode.swift; path = AvailableDriversTableViewCell.swift; sourceTree = "<group>"; };
		311DB69023D0E39100C8A989 /* AvailableDrivers.swift */ = {isa = PBXFileReference; lastKnownFileType = sourcecode.swift; path = AvailableDrivers.swift; sourceTree = "<group>"; };
		311DB69323D2417500C8A989 /* SuburbsViewController.swift */ = {isa = PBXFileReference; lastKnownFileType = sourcecode.swift; path = SuburbsViewController.swift; sourceTree = "<group>"; };
		311DB69523D241A200C8A989 /* SuburbsTableViewCell.swift */ = {isa = PBXFileReference; lastKnownFileType = sourcecode.swift; path = SuburbsTableViewCell.swift; sourceTree = "<group>"; };
		311DB69723D241DE00C8A989 /* SuburbsTable.swift */ = {isa = PBXFileReference; lastKnownFileType = sourcecode.swift; path = SuburbsTable.swift; sourceTree = "<group>"; };
		3129D2C02407A6190035C245 /* CuentaBancariaViewController.swift */ = {isa = PBXFileReference; lastKnownFileType = sourcecode.swift; path = CuentaBancariaViewController.swift; sourceTree = "<group>"; };
		312CE81823EBCDB900655B00 /* AcceptOrder.storyboard */ = {isa = PBXFileReference; fileEncoding = 4; lastKnownFileType = file.storyboard; path = AcceptOrder.storyboard; sourceTree = "<group>"; };
		3130151C21DB188C004E8AF0 /* CommentsData.swift */ = {isa = PBXFileReference; lastKnownFileType = sourcecode.swift; path = CommentsData.swift; sourceTree = "<group>"; };
		3130151E21DB1D80004E8AF0 /* CommentsTable.swift */ = {isa = PBXFileReference; lastKnownFileType = sourcecode.swift; path = CommentsTable.swift; sourceTree = "<group>"; };
		3137F9B023A8BA4800D8D8FF /* cicili_conductor.app */ = {isa = PBXFileReference; explicitFileType = wrapper.application; includeInIndex = 0; path = cicili_conductor.app; sourceTree = BUILT_PRODUCTS_DIR; };
		3137F9B323A8BA4800D8D8FF /* AppDelegate.swift */ = {isa = PBXFileReference; lastKnownFileType = sourcecode.swift; path = AppDelegate.swift; sourceTree = "<group>"; };
		3137F9B523A8BA4800D8D8FF /* ViewController.swift */ = {isa = PBXFileReference; lastKnownFileType = sourcecode.swift; path = ViewController.swift; sourceTree = "<group>"; };
		3137F9B823A8BA4800D8D8FF /* Base */ = {isa = PBXFileReference; lastKnownFileType = file.storyboard; name = Base; path = Base.lproj/Main.storyboard; sourceTree = "<group>"; };
		3137F9BB23A8BA4800D8D8FF /* cicili_cliente.xcdatamodel */ = {isa = PBXFileReference; lastKnownFileType = wrapper.xcdatamodel; path = cicili_cliente.xcdatamodel; sourceTree = "<group>"; };
		3137F9BD23A8BA5000D8D8FF /* Assets.xcassets */ = {isa = PBXFileReference; lastKnownFileType = folder.assetcatalog; path = Assets.xcassets; sourceTree = "<group>"; };
		3137F9C023A8BA5000D8D8FF /* Base */ = {isa = PBXFileReference; lastKnownFileType = file.storyboard; name = Base; path = Base.lproj/LaunchScreen.storyboard; sourceTree = "<group>"; };
		3137F9C223A8BA5000D8D8FF /* Info.plist */ = {isa = PBXFileReference; lastKnownFileType = text.plist.xml; path = Info.plist; sourceTree = "<group>"; };
		314EB2E2240818070074D825 /* SlidePayment.swift */ = {isa = PBXFileReference; lastKnownFileType = sourcecode.swift; path = SlidePayment.swift; sourceTree = "<group>"; };
		314EB2E3240818070074D825 /* SlidePayment.xib */ = {isa = PBXFileReference; lastKnownFileType = file.xib; path = SlidePayment.xib; sourceTree = "<group>"; };
		314EB2E624083F000074D825 /* AccountData.swift */ = {isa = PBXFileReference; lastKnownFileType = sourcecode.swift; path = AccountData.swift; sourceTree = "<group>"; };
		31510F3A23FD03F1005D9967 /* ResponseData.swift */ = {isa = PBXFileReference; lastKnownFileType = sourcecode.swift; path = ResponseData.swift; sourceTree = "<group>"; };
		31510F3C23FD156E005D9967 /* DetailCommentsViewController.swift */ = {isa = PBXFileReference; lastKnownFileType = sourcecode.swift; path = DetailCommentsViewController.swift; sourceTree = "<group>"; };
		31510F3E23FD17F7005D9967 /* CommentsTableViewCell.swift */ = {isa = PBXFileReference; lastKnownFileType = sourcecode.swift; path = CommentsTableViewCell.swift; sourceTree = "<group>"; };
		3154D05123FEDE7D00AB6E70 /* HistoricalTableViewCell.swift */ = {isa = PBXFileReference; lastKnownFileType = sourcecode.swift; path = HistoricalTableViewCell.swift; sourceTree = "<group>"; };
		3154D05323FEDEDE00AB6E70 /* HistoricalTableViewController.swift */ = {isa = PBXFileReference; lastKnownFileType = sourcecode.swift; path = HistoricalTableViewController.swift; sourceTree = "<group>"; };
		317710472406BED40045DD44 /* LitersReportViewController.swift */ = {isa = PBXFileReference; lastKnownFileType = sourcecode.swift; path = LitersReportViewController.swift; sourceTree = "<group>"; };
		3178F9882402556400FD3157 /* TankTruckData.swift */ = {isa = PBXFileReference; lastKnownFileType = sourcecode.swift; path = TankTruckData.swift; sourceTree = "<group>"; };
		3181A3C224035C1900DCEC12 /* SalesReportViewController.swift */ = {isa = PBXFileReference; lastKnownFileType = sourcecode.swift; path = SalesReportViewController.swift; sourceTree = "<group>"; };
		3189226024005DEB003FF7D0 /* BoardViewController.swift */ = {isa = PBXFileReference; lastKnownFileType = sourcecode.swift; path = BoardViewController.swift; sourceTree = "<group>"; };
		31892262240077D8003FF7D0 /* BoardTableViewCell.swift */ = {isa = PBXFileReference; lastKnownFileType = sourcecode.swift; path = BoardTableViewCell.swift; sourceTree = "<group>"; };
		318922652400A672003FF7D0 /* DocumentsStoryboard.storyboard */ = {isa = PBXFileReference; lastKnownFileType = file.storyboard; path = DocumentsStoryboard.storyboard; sourceTree = "<group>"; };
		318922672400A6B5003FF7D0 /* AccountStoryboard.storyboard */ = {isa = PBXFileReference; lastKnownFileType = file.storyboard; path = AccountStoryboard.storyboard; sourceTree = "<group>"; };
		318922692400A6FC003FF7D0 /* TankTruckStoryboard.storyboard */ = {isa = PBXFileReference; lastKnownFileType = file.storyboard; path = TankTruckStoryboard.storyboard; sourceTree = "<group>"; };
		318AB9BC23F50F5E00A62183 /* DataService.swift */ = {isa = PBXFileReference; lastKnownFileType = sourcecode.swift; path = DataService.swift; sourceTree = "<group>"; };
		318AB9BE23F50F7A00A62183 /* UpdateService.swift */ = {isa = PBXFileReference; lastKnownFileType = sourcecode.swift; path = UpdateService.swift; sourceTree = "<group>"; };
		318AB9C123F50FDC00A62183 /* DriverAnnotation.swift */ = {isa = PBXFileReference; lastKnownFileType = sourcecode.swift; path = DriverAnnotation.swift; sourceTree = "<group>"; };
		31936E8F23D00DF300D49CDB /* AddressTableViewController.swift */ = {isa = PBXFileReference; lastKnownFileType = sourcecode.swift; path = AddressTableViewController.swift; sourceTree = "<group>"; };
		31AC78A923E10971003230C0 /* HideCursor.swift */ = {isa = PBXFileReference; lastKnownFileType = sourcecode.swift; path = HideCursor.swift; sourceTree = "<group>"; };
		31B1F8F02404E9870013CB59 /* SalesParameters.swift */ = {isa = PBXFileReference; lastKnownFileType = sourcecode.swift; path = SalesParameters.swift; sourceTree = "<group>"; };
		31B3586723C404CD00707C82 /* RequestOrderViewController.swift */ = {isa = PBXFileReference; lastKnownFileType = sourcecode.swift; path = RequestOrderViewController.swift; sourceTree = "<group>"; };
		31B3586923C6374B00707C82 /* CardMapViewController.swift */ = {isa = PBXFileReference; lastKnownFileType = sourcecode.swift; path = CardMapViewController.swift; sourceTree = "<group>"; };
		31B3586A23C6374B00707C82 /* CardMapViewController.xib */ = {isa = PBXFileReference; lastKnownFileType = file.xib; path = CardMapViewController.xib; sourceTree = "<group>"; };
		31BE0A722401C5D400FE7D70 /* DocumentsData.swift */ = {isa = PBXFileReference; lastKnownFileType = sourcecode.swift; path = DocumentsData.swift; sourceTree = "<group>"; };
		31BE0A742401D09600FE7D70 /* DocumentsTableViewCell.swift */ = {isa = PBXFileReference; lastKnownFileType = sourcecode.swift; path = DocumentsTableViewCell.swift; sourceTree = "<group>"; };
		31BF497723F70E5500CA868A /* PassengerAnnotation.swift */ = {isa = PBXFileReference; lastKnownFileType = sourcecode.swift; path = PassengerAnnotation.swift; sourceTree = "<group>"; };
		31C05B7B23FC8104003A260D /* QualificationViewController.swift */ = {isa = PBXFileReference; lastKnownFileType = sourcecode.swift; path = QualificationViewController.swift; sourceTree = "<group>"; };
		31C05B7D23FC81E5003A260D /* QueriesViewController.swift */ = {isa = PBXFileReference; lastKnownFileType = sourcecode.swift; path = QueriesViewController.swift; sourceTree = "<group>"; };
		31C2EBF723EBB5BE00F2323C /* AcceptOrderViewController.swift */ = {isa = PBXFileReference; lastKnownFileType = sourcecode.swift; path = AcceptOrderViewController.swift; sourceTree = "<group>"; tabWidth = 1; };
		31C2EBF923EBB5F700F2323C /* RemoteNotification.swift */ = {isa = PBXFileReference; lastKnownFileType = sourcecode.swift; path = RemoteNotification.swift; sourceTree = "<group>"; };
		31F55EA723E4AB5B0017DA8A /* cicili_cliente.entitlements */ = {isa = PBXFileReference; lastKnownFileType = text.plist.entitlements; path = cicili_cliente.entitlements; sourceTree = "<group>"; };
		31F55EAA23E4EDF80017DA8A /* cicili_clienteDebug.entitlements */ = {isa = PBXFileReference; lastKnownFileType = text.plist.entitlements; path = cicili_clienteDebug.entitlements; sourceTree = "<group>"; };
		31F55EAB23E4EDF80017DA8A /* HealthKit.framework */ = {isa = PBXFileReference; lastKnownFileType = wrapper.framework; name = HealthKit.framework; path = System/Library/Frameworks/HealthKit.framework; sourceTree = SDKROOT; };
		31F9E7A323F0741A00403DC6 /* ResponseOrder.swift */ = {isa = PBXFileReference; lastKnownFileType = sourcecode.swift; path = ResponseOrder.swift; sourceTree = "<group>"; };
		31F9E7A723F0DCF600403DC6 /* RequestedOrderViewController.swift */ = {isa = PBXFileReference; lastKnownFileType = sourcecode.swift; path = RequestedOrderViewController.swift; sourceTree = "<group>"; };
		31FA1A552400BEF80038C270 /* DocumentsViewController.swift */ = {isa = PBXFileReference; lastKnownFileType = sourcecode.swift; path = DocumentsViewController.swift; sourceTree = "<group>"; };
		31FA1A572400BF160038C270 /* AccountViewController.swift */ = {isa = PBXFileReference; lastKnownFileType = sourcecode.swift; path = AccountViewController.swift; sourceTree = "<group>"; };
		31FA1A592400BF320038C270 /* TankTruckViewController.swift */ = {isa = PBXFileReference; lastKnownFileType = sourcecode.swift; path = TankTruckViewController.swift; sourceTree = "<group>"; };
		3A07504309748D5FBE418727 /* Pods-cicili_conductor.debug.xcconfig */ = {isa = PBXFileReference; includeInIndex = 1; lastKnownFileType = text.xcconfig; name = "Pods-cicili_conductor.debug.xcconfig"; path = "Target Support Files/Pods-cicili_conductor/Pods-cicili_conductor.debug.xcconfig"; sourceTree = "<group>"; };
		50B2BA13B77AF2DC449B010E /* Pods-cicili_cliente.release.xcconfig */ = {isa = PBXFileReference; includeInIndex = 1; lastKnownFileType = text.xcconfig; name = "Pods-cicili_cliente.release.xcconfig"; path = "Target Support Files/Pods-cicili_cliente/Pods-cicili_cliente.release.xcconfig"; sourceTree = "<group>"; };
		5702B72923CFDD8A00DA81D3 /* VerifyStatus.swift */ = {isa = PBXFileReference; lastKnownFileType = sourcecode.swift; path = VerifyStatus.swift; sourceTree = "<group>"; };
		5712CA9123D14957007284F2 /* ImagePicker.swift */ = {isa = PBXFileReference; lastKnownFileType = sourcecode.swift; path = ImagePicker.swift; sourceTree = "<group>"; };
		57AA27DF23C57E3D00275CF1 /* PersonalData.storyboard */ = {isa = PBXFileReference; lastKnownFileType = file.storyboard; path = PersonalData.storyboard; sourceTree = "<group>"; };
		57AA27E323C64DC300275CF1 /* ForgotPassword.storyboard */ = {isa = PBXFileReference; lastKnownFileType = file.storyboard; path = ForgotPassword.storyboard; sourceTree = "<group>"; };
		57ACFB5B23C9969F00357C85 /* ImageConverter.swift */ = {isa = PBXFileReference; lastKnownFileType = sourcecode.swift; path = ImageConverter.swift; sourceTree = "<group>"; };
		57ACFB5D23C9C64F00357C85 /* PaymentDataStoryboard.storyboard */ = {isa = PBXFileReference; lastKnownFileType = file.storyboard; path = PaymentDataStoryboard.storyboard; sourceTree = "<group>"; };
		57ACFB5F23C9C8DC00357C85 /* PaymentDataViewController.swift */ = {isa = PBXFileReference; lastKnownFileType = sourcecode.swift; path = PaymentDataViewController.swift; sourceTree = "<group>"; };
		57ACFB6123C9DA2700357C85 /* Payment.swift */ = {isa = PBXFileReference; lastKnownFileType = sourcecode.swift; path = Payment.swift; sourceTree = "<group>"; };
		57ACFB6323C9E65000357C85 /* AddressData.storyboard */ = {isa = PBXFileReference; lastKnownFileType = file.storyboard; path = AddressData.storyboard; sourceTree = "<group>"; };
		57ACFB6523C9E68400357C85 /* AddressDataViewController.swift */ = {isa = PBXFileReference; lastKnownFileType = sourcecode.swift; path = AddressDataViewController.swift; sourceTree = "<group>"; };
		57ACFB6723CA26EB00357C85 /* Address.swift */ = {isa = PBXFileReference; lastKnownFileType = sourcecode.swift; path = Address.swift; sourceTree = "<group>"; };
		57B2057523C6645A005FF554 /* PersonalDataViewController.swift */ = {isa = PBXFileReference; lastKnownFileType = sourcecode.swift; path = PersonalDataViewController.swift; sourceTree = "<group>"; };
		57B2057723C66BC2005FF554 /* Personal.swift */ = {isa = PBXFileReference; lastKnownFileType = sourcecode.swift; path = Personal.swift; sourceTree = "<group>"; };
		57B7B33A23C26D4A00731CE7 /* MainViewController.swift */ = {isa = PBXFileReference; lastKnownFileType = sourcecode.swift; path = MainViewController.swift; sourceTree = "<group>"; };
		57B7B33C23C26E4000731CE7 /* LostPasswordViewController.swift */ = {isa = PBXFileReference; lastKnownFileType = sourcecode.swift; path = LostPasswordViewController.swift; sourceTree = "<group>"; };
		57B7B33E23C26E8500731CE7 /* VerifyCodeViewController.swift */ = {isa = PBXFileReference; lastKnownFileType = sourcecode.swift; path = VerifyCodeViewController.swift; sourceTree = "<group>"; };
		57B7B34023C28A1E00731CE7 /* DIsmissSegue.swift */ = {isa = PBXFileReference; lastKnownFileType = sourcecode.swift; path = DIsmissSegue.swift; sourceTree = "<group>"; };
		57B7B34323C28C4000731CE7 /* List.storyboard */ = {isa = PBXFileReference; lastKnownFileType = file.storyboard; path = List.storyboard; sourceTree = "<group>"; };
		57B7B34523C2A47000731CE7 /* ListViewController.swift */ = {isa = PBXFileReference; lastKnownFileType = sourcecode.swift; path = ListViewController.swift; sourceTree = "<group>"; };
		57B7B34723C2B4F000731CE7 /* Response.swift */ = {isa = PBXFileReference; lastKnownFileType = sourcecode.swift; path = Response.swift; sourceTree = "<group>"; };
		57B857EA23BDE90A0012BF94 /* Router.swift */ = {isa = PBXFileReference; lastKnownFileType = sourcecode.swift; path = Router.swift; sourceTree = "<group>"; };
		57BB85CF23C654AE0057EE45 /* ForgotPasswordViewController.swift */ = {isa = PBXFileReference; lastKnownFileType = sourcecode.swift; path = ForgotPasswordViewController.swift; sourceTree = "<group>"; };
		57C22D4623C7A61100835B8F /* LoginModel.swift */ = {isa = PBXFileReference; lastKnownFileType = sourcecode.swift; path = LoginModel.swift; sourceTree = "<group>"; };
		57CD140823BE88AE0056913B /* RequestManager.swift */ = {isa = PBXFileReference; lastKnownFileType = sourcecode.swift; path = RequestManager.swift; sourceTree = "<group>"; };
		57CD140B23BEAD0C0056913B /* Cliente.swift */ = {isa = PBXFileReference; lastKnownFileType = sourcecode.swift; path = Cliente.swift; sourceTree = "<group>"; };
		57CD140D23BEB97C0056913B /* Constants.swift */ = {isa = PBXFileReference; lastKnownFileType = sourcecode.swift; path = Constants.swift; sourceTree = "<group>"; };
		57CF14D923C1C4D500389C06 /* MapKit.framework */ = {isa = PBXFileReference; lastKnownFileType = wrapper.framework; name = MapKit.framework; path = System/Library/Frameworks/MapKit.framework; sourceTree = SDKROOT; };
		57D1BAED23BF516E00551DA7 /* AlertManager.swift */ = {isa = PBXFileReference; lastKnownFileType = sourcecode.swift; path = AlertManager.swift; sourceTree = "<group>"; };
		57D1BAF123BFB01A00551DA7 /* RegisterViewController.swift */ = {isa = PBXFileReference; lastKnownFileType = sourcecode.swift; path = RegisterViewController.swift; sourceTree = "<group>"; };
		57D1BAF523C001D200551DA7 /* Direcciones.swift */ = {isa = PBXFileReference; lastKnownFileType = sourcecode.swift; path = Direcciones.swift; sourceTree = "<group>"; };
		57D1BAF723C0028F00551DA7 /* Asentamiento.swift */ = {isa = PBXFileReference; lastKnownFileType = sourcecode.swift; path = Asentamiento.swift; sourceTree = "<group>"; };
		57D35CCB23E4CFFD00DE251C /* SendNearDriverViewController.swift */ = {isa = PBXFileReference; lastKnownFileType = sourcecode.swift; path = SendNearDriverViewController.swift; sourceTree = "<group>"; };
		57D35CCC23E4CFFD00DE251C /* SendNearDriverViewController.xib */ = {isa = PBXFileReference; lastKnownFileType = file.xib; path = SendNearDriverViewController.xib; sourceTree = "<group>"; };
		57D35CCF23E5161100DE251C /* Order.swift */ = {isa = PBXFileReference; lastKnownFileType = sourcecode.swift; path = Order.swift; sourceTree = "<group>"; };
		57D5DAF123E61E0E0019392D /* NewOrder.storyboard */ = {isa = PBXFileReference; lastKnownFileType = file.storyboard; path = NewOrder.storyboard; sourceTree = "<group>"; };
		57D5DAF323E65A210019392D /* CancelOrderViewController.swift */ = {isa = PBXFileReference; lastKnownFileType = sourcecode.swift; path = CancelOrderViewController.swift; sourceTree = "<group>"; };
		57D5DAF423E65A210019392D /* CancelOrderViewController.xib */ = {isa = PBXFileReference; lastKnownFileType = file.xib; path = CancelOrderViewController.xib; sourceTree = "<group>"; };
		57D5DAF723E668630019392D /* NewOrderViewController.swift */ = {isa = PBXFileReference; lastKnownFileType = sourcecode.swift; path = NewOrderViewController.swift; sourceTree = "<group>"; };
		57D5DAF923E7185A0019392D /* ReusableIdText.swift */ = {isa = PBXFileReference; lastKnownFileType = sourcecode.swift; path = ReusableIdText.swift; sourceTree = "<group>"; };
		57E0BEB423BAA32200F60209 /* WSKeys.swift */ = {isa = PBXFileReference; lastKnownFileType = sourcecode.swift; path = WSKeys.swift; sourceTree = "<group>"; };
		57E3620023D21469003931AD /* DataByZipCode.swift */ = {isa = PBXFileReference; lastKnownFileType = sourcecode.swift; path = DataByZipCode.swift; sourceTree = "<group>"; };
		57E3620223D214EF003931AD /* KeysDatailZC.swift */ = {isa = PBXFileReference; lastKnownFileType = sourcecode.swift; path = KeysDatailZC.swift; sourceTree = "<group>"; };
		57E7C08723E9D8B000D51FE7 /* NewOrder.swift */ = {isa = PBXFileReference; lastKnownFileType = sourcecode.swift; path = NewOrder.swift; sourceTree = "<group>"; };
		57E7C08923EAEAE000D51FE7 /* CardOrderViewController.swift */ = {isa = PBXFileReference; lastKnownFileType = sourcecode.swift; path = CardOrderViewController.swift; sourceTree = "<group>"; };
		57E7C08A23EAEAE000D51FE7 /* CardOrderViewController.xib */ = {isa = PBXFileReference; lastKnownFileType = file.xib; path = CardOrderViewController.xib; sourceTree = "<group>"; };
		57E7C08D23EBA35C00D51FE7 /* ConfirmCancelViewController.swift */ = {isa = PBXFileReference; lastKnownFileType = sourcecode.swift; path = ConfirmCancelViewController.swift; sourceTree = "<group>"; };
		57F0183823DC2BFE00213DFC /* AddressLocationViewController.swift */ = {isa = PBXFileReference; lastKnownFileType = sourcecode.swift; path = AddressLocationViewController.swift; sourceTree = "<group>"; };
		57F0183A23DC41DA00213DFC /* LocationManager.swift */ = {isa = PBXFileReference; lastKnownFileType = sourcecode.swift; path = LocationManager.swift; sourceTree = "<group>"; };
		57F0183C23DC563E00213DFC /* MapPin.swift */ = {isa = PBXFileReference; lastKnownFileType = sourcecode.swift; path = MapPin.swift; sourceTree = "<group>"; };
		57F0183E23DC824600213DFC /* MapPinView.swift */ = {isa = PBXFileReference; lastKnownFileType = sourcecode.swift; path = MapPinView.swift; sourceTree = "<group>"; };
		57F80F3623D0DBC600913033 /* Status.swift */ = {isa = PBXFileReference; lastKnownFileType = sourcecode.swift; path = Status.swift; sourceTree = "<group>"; };
		645FEFE2CBDEE004E0539239 /* Pods-cicili_conductor.release.xcconfig */ = {isa = PBXFileReference; includeInIndex = 1; lastKnownFileType = text.xcconfig; name = "Pods-cicili_conductor.release.xcconfig"; path = "Target Support Files/Pods-cicili_conductor/Pods-cicili_conductor.release.xcconfig"; sourceTree = "<group>"; };
		82163BCB08987EE848432F40 /* Pods_cicili_conductor.framework */ = {isa = PBXFileReference; explicitFileType = wrapper.framework; includeInIndex = 0; path = Pods_cicili_conductor.framework; sourceTree = BUILT_PRODUCTS_DIR; };
		900741D523DFA40B00B1B29D /* SupplementaryDataViewController.swift */ = {isa = PBXFileReference; lastKnownFileType = sourcecode.swift; path = SupplementaryDataViewController.swift; sourceTree = "<group>"; };
		900741D723DFABED00B1B29D /* direccionDetalleViewController.swift */ = {isa = PBXFileReference; lastKnownFileType = sourcecode.swift; path = direccionDetalleViewController.swift; sourceTree = "<group>"; };
		9055278723E67E540088FCB0 /* aclaracionViewController.swift */ = {isa = PBXFileReference; lastKnownFileType = sourcecode.swift; path = aclaracionViewController.swift; sourceTree = "<group>"; };
		9065F14F23E28BCA00F60A40 /* PedidosViewController.swift */ = {isa = PBXFileReference; lastKnownFileType = sourcecode.swift; path = PedidosViewController.swift; sourceTree = "<group>"; };
		9065F15123E2959A00F60A40 /* DetallePedidosViewController.swift */ = {isa = PBXFileReference; lastKnownFileType = sourcecode.swift; path = DetallePedidosViewController.swift; sourceTree = "<group>"; };
		9065F15323E295C000F60A40 /* DetalleProgramarPedidoViewController.swift */ = {isa = PBXFileReference; lastKnownFileType = sourcecode.swift; path = DetalleProgramarPedidoViewController.swift; sourceTree = "<group>"; };
		9065F15523E34AD800F60A40 /* PedidoHistoricoTableViewCell.swift */ = {isa = PBXFileReference; lastKnownFileType = sourcecode.swift; path = PedidoHistoricoTableViewCell.swift; sourceTree = "<group>"; };
		90C9179923C7144C0017B615 /* fieldUnderline.swift */ = {isa = PBXFileReference; fileEncoding = 4; lastKnownFileType = sourcecode.swift; path = fieldUnderline.swift; sourceTree = "<group>"; };
		90C9179A23C7144C0017B615 /* roundedBtn.swift */ = {isa = PBXFileReference; fileEncoding = 4; lastKnownFileType = sourcecode.swift; path = roundedBtn.swift; sourceTree = "<group>"; };
		90E29AEC23D24F5E00677E48 /* usuarioViewController.swift */ = {isa = PBXFileReference; lastKnownFileType = sourcecode.swift; path = usuarioViewController.swift; sourceTree = "<group>"; };
		90E29AEE23D25BF300677E48 /* MainTabController.swift */ = {isa = PBXFileReference; lastKnownFileType = sourcecode.swift; path = MainTabController.swift; sourceTree = "<group>"; };
		90E29AF623D7B93E00677E48 /* perfilViewController.swift */ = {isa = PBXFileReference; lastKnownFileType = sourcecode.swift; path = perfilViewController.swift; sourceTree = "<group>"; };
		9A66A5C12307FEA7406BFDFC /* Pods-cicili_cliente.debug.xcconfig */ = {isa = PBXFileReference; includeInIndex = 1; lastKnownFileType = text.xcconfig; name = "Pods-cicili_cliente.debug.xcconfig"; path = "Target Support Files/Pods-cicili_cliente/Pods-cicili_cliente.debug.xcconfig"; sourceTree = "<group>"; };
/* End PBXFileReference section */

/* Begin PBXFrameworksBuildPhase section */
		3137F9AD23A8BA4700D8D8FF /* Frameworks */ = {
			isa = PBXFrameworksBuildPhase;
			buildActionMask = 2147483647;
			files = (
				31F55EAC23E4EDF80017DA8A /* HealthKit.framework in Frameworks */,
				57CF14DA23C1C4D500389C06 /* MapKit.framework in Frameworks */,
				0E75940BC197856D40BBBBAB /* Pods_cicili_conductor.framework in Frameworks */,
			);
			runOnlyForDeploymentPostprocessing = 0;
		};
/* End PBXFrameworksBuildPhase section */

/* Begin PBXGroup section */
		18E2FB1A513FCB3624476D58 /* Frameworks */ = {
			isa = PBXGroup;
			children = (
				31F55EAB23E4EDF80017DA8A /* HealthKit.framework */,
				57CF14D923C1C4D500389C06 /* MapKit.framework */,
				82163BCB08987EE848432F40 /* Pods_cicili_conductor.framework */,
			);
			name = Frameworks;
			sourceTree = "<group>";
		};
		3105B11D23C94433004EA64A /* Address */ = {
			isa = PBXGroup;
			children = (
				3105B11E23C94522004EA64A /* AddressTableCardViewController.swift */,
				3105B12023C94729004EA64A /* AddressTableViewCell.swift */,
				3105B12423CA4266004EA64A /* AddressTable.swift */,
				31936E8F23D00DF300D49CDB /* AddressTableViewController.swift */,
			);
			path = Address;
			sourceTree = "<group>";
		};
		311DB68923D0E0FE00C8A989 /* Drivers */ = {
			isa = PBXGroup;
			children = (
				311DB68A23D0E15900C8A989 /* AvailableDriversViewController.swift */,
				311DB68E23D0E35E00C8A989 /* AvailableDriversTableViewCell.swift */,
				311DB69023D0E39100C8A989 /* AvailableDrivers.swift */,
			);
			path = Drivers;
			sourceTree = "<group>";
		};
		311DB69223D240E100C8A989 /* Suburbs */ = {
			isa = PBXGroup;
			children = (
				311DB69323D2417500C8A989 /* SuburbsViewController.swift */,
				311DB69523D241A200C8A989 /* SuburbsTableViewCell.swift */,
				311DB69723D241DE00C8A989 /* SuburbsTable.swift */,
			);
			path = Suburbs;
			sourceTree = "<group>";
		};
		3137F9A723A8BA4700D8D8FF = {
			isa = PBXGroup;
			children = (
				3137F9B223A8BA4800D8D8FF /* cicili_conductor */,
				3137F9B123A8BA4800D8D8FF /* Products */,
				E5999ED992A7C891C58A05DC /* Pods */,
				18E2FB1A513FCB3624476D58 /* Frameworks */,
			);
			sourceTree = "<group>";
		};
		3137F9B123A8BA4800D8D8FF /* Products */ = {
			isa = PBXGroup;
			children = (
				3137F9B023A8BA4800D8D8FF /* cicili_conductor.app */,
			);
			name = Products;
			sourceTree = "<group>";
		};
		3137F9B223A8BA4800D8D8FF /* cicili_conductor */ = {
			isa = PBXGroup;
			children = (
				318AB9C023F50FC700A62183 /* View */,
				31F55EAA23E4EDF80017DA8A /* cicili_clienteDebug.entitlements */,
				31F55EA723E4AB5B0017DA8A /* cicili_cliente.entitlements */,
				57C22D4323C7A57800835B8F /* ControllerModel */,
				57B7B34223C28C0000731CE7 /* Storyboards */,
				57D1BAF023BFAF7900551DA7 /* Controllers */,
				57D1BAEC23BF512400551DA7 /* UI */,
				57CD140A23BEACD10056913B /* Models */,
				57E0BEB623BAAD5200F60209 /* Domain */,
				57BAF4A523AA089A00B3B4FC /* Services */,
				3137F9B323A8BA4800D8D8FF /* AppDelegate.swift */,
				3137F9B523A8BA4800D8D8FF /* ViewController.swift */,
				3137F9B723A8BA4800D8D8FF /* Main.storyboard */,
				3137F9BD23A8BA5000D8D8FF /* Assets.xcassets */,
				311CE12123EE852A00A160DF /* GoogleService-Info.plist */,
				3137F9BF23A8BA5000D8D8FF /* LaunchScreen.storyboard */,
				3137F9C223A8BA5000D8D8FF /* Info.plist */,
				3137F9BA23A8BA4800D8D8FF /* cicili_conductor.xcdatamodeld */,
			);
			path = cicili_conductor;
			sourceTree = "<group>";
		};
		3154D05023FEDE2900AB6E70 /* Historical */ = {
			isa = PBXGroup;
			children = (
				3154D05123FEDE7D00AB6E70 /* HistoricalTableViewCell.swift */,
				3154D05323FEDEDE00AB6E70 /* HistoricalTableViewController.swift */,
				31119D0A23FEFEEE003B67DB /* HistoricalTable.swift */,
			);
			path = Historical;
			sourceTree = "<group>";
		};
		3181A3C124035BC700DCEC12 /* Reports */ = {
			isa = PBXGroup;
			children = (
				3181A3C224035C1900DCEC12 /* SalesReportViewController.swift */,
				31B1F8F02404E9870013CB59 /* SalesParameters.swift */,
				317710472406BED40045DD44 /* LitersReportViewController.swift */,
			);
			path = Reports;
			sourceTree = "<group>";
		};
		3189225F24005DB9003FF7D0 /* Board */ = {
			isa = PBXGroup;
			children = (
				3189226024005DEB003FF7D0 /* BoardViewController.swift */,
				31892262240077D8003FF7D0 /* BoardTableViewCell.swift */,
			);
			path = Board;
			sourceTree = "<group>";
		};
		31892264240087CB003FF7D0 /* SupplementaryData */ = {
			isa = PBXGroup;
			children = (
				900741D523DFA40B00B1B29D /* SupplementaryDataViewController.swift */,
				900741D723DFABED00B1B29D /* direccionDetalleViewController.swift */,
				31FA1A552400BEF80038C270 /* DocumentsViewController.swift */,
				31FA1A572400BF160038C270 /* AccountViewController.swift */,
				31FA1A592400BF320038C270 /* TankTruckViewController.swift */,
				31BE0A742401D09600FE7D70 /* DocumentsTableViewCell.swift */,
				3129D2C02407A6190035C245 /* CuentaBancariaViewController.swift */,
				314EB2E2240818070074D825 /* SlidePayment.swift */,
				314EB2E3240818070074D825 /* SlidePayment.xib */,
				311C7DE4240991C2000AEC47 /* AccountUpdateViewController.swift */,
			);
			path = SupplementaryData;
			sourceTree = "<group>";
		};
		318AB9C023F50FC700A62183 /* View */ = {
			isa = PBXGroup;
			children = (
				31BF497723F70E5500CA868A /* PassengerAnnotation.swift */,
				318AB9C123F50FDC00A62183 /* DriverAnnotation.swift */,
			);
			path = View;
			sourceTree = "<group>";
		};
		31AC78A823E10929003230C0 /* TextFieldControllers */ = {
			isa = PBXGroup;
			children = (
				31AC78A923E10971003230C0 /* HideCursor.swift */,
			);
			path = TextFieldControllers;
			sourceTree = "<group>";
		};
		31C05B7A23FC80A5003A260D /* Queries */ = {
			isa = PBXGroup;
			children = (
				31C05B7B23FC8104003A260D /* QualificationViewController.swift */,
				31C05B7D23FC81E5003A260D /* QueriesViewController.swift */,
				31510F3C23FD156E005D9967 /* DetailCommentsViewController.swift */,
				31510F3E23FD17F7005D9967 /* CommentsTableViewCell.swift */,
				3130151E21DB1D80004E8AF0 /* CommentsTable.swift */,
			);
			path = Queries;
			sourceTree = "<group>";
		};
		31C2EBF623EBB54300F2323C /* AcceptOrder */ = {
			isa = PBXGroup;
			children = (
				31C2EBF723EBB5BE00F2323C /* AcceptOrderViewController.swift */,
				31C2EBF923EBB5F700F2323C /* RemoteNotification.swift */,
				31F9E7A723F0DCF600403DC6 /* RequestedOrderViewController.swift */,
			);
			path = AcceptOrder;
			sourceTree = "<group>";
		};
		57B7B34223C28C0000731CE7 /* Storyboards */ = {
			isa = PBXGroup;
			children = (
				312CE81823EBCDB900655B00 /* AcceptOrder.storyboard */,
				57B7B34323C28C4000731CE7 /* List.storyboard */,
				57AA27DF23C57E3D00275CF1 /* PersonalData.storyboard */,
				57AA27E323C64DC300275CF1 /* ForgotPassword.storyboard */,
				57ACFB5D23C9C64F00357C85 /* PaymentDataStoryboard.storyboard */,
				57ACFB6323C9E65000357C85 /* AddressData.storyboard */,
				57D5DAF123E61E0E0019392D /* NewOrder.storyboard */,
				318922652400A672003FF7D0 /* DocumentsStoryboard.storyboard */,
				318922672400A6B5003FF7D0 /* AccountStoryboard.storyboard */,
				318922692400A6FC003FF7D0 /* TankTruckStoryboard.storyboard */,
			);
			path = Storyboards;
			sourceTree = "<group>";
		};
		57BAF4A523AA089A00B3B4FC /* Services */ = {
			isa = PBXGroup;
			children = (
				57B857EA23BDE90A0012BF94 /* Router.swift */,
				57CD140823BE88AE0056913B /* RequestManager.swift */,
				318AB9BC23F50F5E00A62183 /* DataService.swift */,
				318AB9BE23F50F7A00A62183 /* UpdateService.swift */,
			);
			path = Services;
			sourceTree = "<group>";
		};
		57C22D4323C7A57800835B8F /* ControllerModel */ = {
			isa = PBXGroup;
			children = (
				57ACFB5B23C9969F00357C85 /* ImageConverter.swift */,
				5702B72923CFDD8A00DA81D3 /* VerifyStatus.swift */,
				57F0183A23DC41DA00213DFC /* LocationManager.swift */,
				57F0183C23DC563E00213DFC /* MapPin.swift */,
				57F0183E23DC824600213DFC /* MapPinView.swift */,
			);
			path = ControllerModel;
			sourceTree = "<group>";
		};
		57CD140A23BEACD10056913B /* Models */ = {
			isa = PBXGroup;
			children = (
				57CD140B23BEAD0C0056913B /* Cliente.swift */,
				57D1BAF523C001D200551DA7 /* Direcciones.swift */,
				57D1BAF723C0028F00551DA7 /* Asentamiento.swift */,
				57B7B34723C2B4F000731CE7 /* Response.swift */,
				57B2057723C66BC2005FF554 /* Personal.swift */,
				57C22D4623C7A61100835B8F /* LoginModel.swift */,
				57ACFB6123C9DA2700357C85 /* Payment.swift */,
				57ACFB6723CA26EB00357C85 /* Address.swift */,
				57F80F3623D0DBC600913033 /* Status.swift */,
				57E3620023D21469003931AD /* DataByZipCode.swift */,
				57E3620223D214EF003931AD /* KeysDatailZC.swift */,
				310DB09223E3D2FE0068F72C /* NearDrivers.swift */,
				57D35CCF23E5161100DE251C /* Order.swift */,
				57D5DAF923E7185A0019392D /* ReusableIdText.swift */,
				57E7C08723E9D8B000D51FE7 /* NewOrder.swift */,
				31F9E7A323F0741A00403DC6 /* ResponseOrder.swift */,
				31510F3A23FD03F1005D9967 /* ResponseData.swift */,
				3130151C21DB188C004E8AF0 /* CommentsData.swift */,
				31BE0A722401C5D400FE7D70 /* DocumentsData.swift */,
				3178F9882402556400FD3157 /* TankTruckData.swift */,
				314EB2E624083F000074D825 /* AccountData.swift */,
			);
			path = Models;
			sourceTree = "<group>";
		};
		57D1BAEC23BF512400551DA7 /* UI */ = {
			isa = PBXGroup;
			children = (
				90C9179923C7144C0017B615 /* fieldUnderline.swift */,
				90C9179A23C7144C0017B615 /* roundedBtn.swift */,
				57D1BAED23BF516E00551DA7 /* AlertManager.swift */,
				57B7B34023C28A1E00731CE7 /* DIsmissSegue.swift */,
				5712CA9123D14957007284F2 /* ImagePicker.swift */,
			);
			path = UI;
			sourceTree = "<group>";
		};
		57D1BAF023BFAF7900551DA7 /* Controllers */ = {
			isa = PBXGroup;
			children = (
				3181A3C124035BC700DCEC12 /* Reports */,
				31892264240087CB003FF7D0 /* SupplementaryData */,
				3189225F24005DB9003FF7D0 /* Board */,
				3154D05023FEDE2900AB6E70 /* Historical */,
				31C05B7A23FC80A5003A260D /* Queries */,
				31C2EBF623EBB54300F2323C /* AcceptOrder */,
				31AC78A823E10929003230C0 /* TextFieldControllers */,
				311DB69223D240E100C8A989 /* Suburbs */,
				311DB68923D0E0FE00C8A989 /* Drivers */,
				3105B11D23C94433004EA64A /* Address */,
				57D1BAF123BFB01A00551DA7 /* RegisterViewController.swift */,
				57B7B33A23C26D4A00731CE7 /* MainViewController.swift */,
				57B7B33C23C26E4000731CE7 /* LostPasswordViewController.swift */,
				57B7B33E23C26E8500731CE7 /* VerifyCodeViewController.swift */,
				57B7B34523C2A47000731CE7 /* ListViewController.swift */,
				31B3586723C404CD00707C82 /* RequestOrderViewController.swift */,
				31B3586923C6374B00707C82 /* CardMapViewController.swift */,
				31B3586A23C6374B00707C82 /* CardMapViewController.xib */,
				57BB85CF23C654AE0057EE45 /* ForgotPasswordViewController.swift */,
				57B2057523C6645A005FF554 /* PersonalDataViewController.swift */,
				57ACFB5F23C9C8DC00357C85 /* PaymentDataViewController.swift */,
				57ACFB6523C9E68400357C85 /* AddressDataViewController.swift */,
				90E29AEC23D24F5E00677E48 /* usuarioViewController.swift */,
				90E29AEE23D25BF300677E48 /* MainTabController.swift */,
				90E29AF623D7B93E00677E48 /* perfilViewController.swift */,
				57F0183823DC2BFE00213DFC /* AddressLocationViewController.swift */,
				9065F14F23E28BCA00F60A40 /* PedidosViewController.swift */,
				9065F15123E2959A00F60A40 /* DetallePedidosViewController.swift */,
				9065F15323E295C000F60A40 /* DetalleProgramarPedidoViewController.swift */,
				9065F15523E34AD800F60A40 /* PedidoHistoricoTableViewCell.swift */,
				57D35CCB23E4CFFD00DE251C /* SendNearDriverViewController.swift */,
				57D35CCC23E4CFFD00DE251C /* SendNearDriverViewController.xib */,
				57D5DAF323E65A210019392D /* CancelOrderViewController.swift */,
				57D5DAF423E65A210019392D /* CancelOrderViewController.xib */,
				57D5DAF723E668630019392D /* NewOrderViewController.swift */,
				57E7C08923EAEAE000D51FE7 /* CardOrderViewController.swift */,
				57E7C08A23EAEAE000D51FE7 /* CardOrderViewController.xib */,
				57E7C08D23EBA35C00D51FE7 /* ConfirmCancelViewController.swift */,
				9055278723E67E540088FCB0 /* aclaracionViewController.swift */,
			);
			path = Controllers;
			sourceTree = "<group>";
		};
		57E0BEB623BAAD5200F60209 /* Domain */ = {
			isa = PBXGroup;
			children = (
				57E0BEB423BAA32200F60209 /* WSKeys.swift */,
				57CD140D23BEB97C0056913B /* Constants.swift */,
			);
			path = Domain;
			sourceTree = "<group>";
		};
		E5999ED992A7C891C58A05DC /* Pods */ = {
			isa = PBXGroup;
			children = (
				9A66A5C12307FEA7406BFDFC /* Pods-cicili_cliente.debug.xcconfig */,
				50B2BA13B77AF2DC449B010E /* Pods-cicili_cliente.release.xcconfig */,
				3A07504309748D5FBE418727 /* Pods-cicili_conductor.debug.xcconfig */,
				645FEFE2CBDEE004E0539239 /* Pods-cicili_conductor.release.xcconfig */,
			);
			path = Pods;
			sourceTree = "<group>";
		};
/* End PBXGroup section */

/* Begin PBXNativeTarget section */
		3137F9AF23A8BA4700D8D8FF /* cicili_conductor */ = {
			isa = PBXNativeTarget;
			buildConfigurationList = 3137F9C523A8BA5000D8D8FF /* Build configuration list for PBXNativeTarget "cicili_conductor" */;
			buildPhases = (
				749B26DB1E071CBD36D788FD /* [CP] Check Pods Manifest.lock */,
				3137F9AC23A8BA4700D8D8FF /* Sources */,
				3137F9AD23A8BA4700D8D8FF /* Frameworks */,
				3137F9AE23A8BA4700D8D8FF /* Resources */,
				F2CCEEBC61E48090C2E4DD5A /* [CP] Embed Pods Frameworks */,
			);
			buildRules = (
			);
			dependencies = (
			);
			name = cicili_conductor;
			productName = cicili_cliente;
			productReference = 3137F9B023A8BA4800D8D8FF /* cicili_conductor.app */;
			productType = "com.apple.product-type.application";
		};
/* End PBXNativeTarget section */

/* Begin PBXProject section */
		3137F9A823A8BA4700D8D8FF /* Project object */ = {
			isa = PBXProject;
			attributes = {
				LastSwiftUpdateCheck = 1010;
				LastUpgradeCheck = 1010;
				ORGANIZATIONNAME = CICILI;
				TargetAttributes = {
					3137F9AF23A8BA4700D8D8FF = {
						CreatedOnToolsVersion = 10.1;
						LastSwiftMigration = 1120;
					};
				};
			};
			buildConfigurationList = 3137F9AB23A8BA4700D8D8FF /* Build configuration list for PBXProject "cicili_conductor" */;
			compatibilityVersion = "Xcode 9.3";
			developmentRegion = en;
			hasScannedForEncodings = 0;
			knownRegions = (
				en,
				Base,
			);
			mainGroup = 3137F9A723A8BA4700D8D8FF;
			productRefGroup = 3137F9B123A8BA4800D8D8FF /* Products */;
			projectDirPath = "";
			projectRoot = "";
			targets = (
				3137F9AF23A8BA4700D8D8FF /* cicili_conductor */,
			);
		};
/* End PBXProject section */

/* Begin PBXResourcesBuildPhase section */
		3137F9AE23A8BA4700D8D8FF /* Resources */ = {
			isa = PBXResourcesBuildPhase;
			buildActionMask = 2147483647;
			files = (
				318922662400A672003FF7D0 /* DocumentsStoryboard.storyboard in Resources */,
				57B7B34423C28C4000731CE7 /* List.storyboard in Resources */,
				31B3586C23C6374B00707C82 /* CardMapViewController.xib in Resources */,
				3189226A2400A6FC003FF7D0 /* TankTruckStoryboard.storyboard in Resources */,
				311CE12223EE852B00A160DF /* GoogleService-Info.plist in Resources */,
				57AA27E423C64DC300275CF1 /* ForgotPassword.storyboard in Resources */,
				57D5DAF223E61E0E0019392D /* NewOrder.storyboard in Resources */,
				57ACFB5E23C9C64F00357C85 /* PaymentDataStoryboard.storyboard in Resources */,
				3137F9C123A8BA5000D8D8FF /* LaunchScreen.storyboard in Resources */,
				312CE81923EBCDB900655B00 /* AcceptOrder.storyboard in Resources */,
				3137F9BE23A8BA5000D8D8FF /* Assets.xcassets in Resources */,
				318922682400A6B5003FF7D0 /* AccountStoryboard.storyboard in Resources */,
				57D35CCE23E4CFFD00DE251C /* SendNearDriverViewController.xib in Resources */,
				57ACFB6423C9E65000357C85 /* AddressData.storyboard in Resources */,
				314EB2E5240818080074D825 /* SlidePayment.xib in Resources */,
				57D5DAF623E65A210019392D /* CancelOrderViewController.xib in Resources */,
				57E7C08C23EAEAE000D51FE7 /* CardOrderViewController.xib in Resources */,
				3137F9B923A8BA4800D8D8FF /* Main.storyboard in Resources */,
				57AA27E023C57E3D00275CF1 /* PersonalData.storyboard in Resources */,
			);
			runOnlyForDeploymentPostprocessing = 0;
		};
/* End PBXResourcesBuildPhase section */

/* Begin PBXShellScriptBuildPhase section */
		749B26DB1E071CBD36D788FD /* [CP] Check Pods Manifest.lock */ = {
			isa = PBXShellScriptBuildPhase;
			buildActionMask = 2147483647;
			files = (
			);
			inputFileListPaths = (
			);
			inputPaths = (
				"${PODS_PODFILE_DIR_PATH}/Podfile.lock",
				"${PODS_ROOT}/Manifest.lock",
			);
			name = "[CP] Check Pods Manifest.lock";
			outputFileListPaths = (
			);
			outputPaths = (
				"$(DERIVED_FILE_DIR)/Pods-cicili_conductor-checkManifestLockResult.txt",
			);
			runOnlyForDeploymentPostprocessing = 0;
			shellPath = /bin/sh;
			shellScript = "diff \"${PODS_PODFILE_DIR_PATH}/Podfile.lock\" \"${PODS_ROOT}/Manifest.lock\" > /dev/null\nif [ $? != 0 ] ; then\n    # print error to STDERR\n    echo \"error: The sandbox is not in sync with the Podfile.lock. Run 'pod install' or update your CocoaPods installation.\" >&2\n    exit 1\nfi\n# This output is used by Xcode 'outputs' to avoid re-running this script phase.\necho \"SUCCESS\" > \"${SCRIPT_OUTPUT_FILE_0}\"\n";
			showEnvVarsInLog = 0;
		};
		F2CCEEBC61E48090C2E4DD5A /* [CP] Embed Pods Frameworks */ = {
			isa = PBXShellScriptBuildPhase;
			buildActionMask = 2147483647;
			files = (
			);
			inputFileListPaths = (
				"${PODS_ROOT}/Target Support Files/Pods-cicili_conductor/Pods-cicili_conductor-frameworks-${CONFIGURATION}-input-files.xcfilelist",
			);
			name = "[CP] Embed Pods Frameworks";
			outputFileListPaths = (
				"${PODS_ROOT}/Target Support Files/Pods-cicili_conductor/Pods-cicili_conductor-frameworks-${CONFIGURATION}-output-files.xcfilelist",
			);
			runOnlyForDeploymentPostprocessing = 0;
			shellPath = /bin/sh;
			shellScript = "\"${PODS_ROOT}/Target Support Files/Pods-cicili_conductor/Pods-cicili_conductor-frameworks.sh\"\n";
			showEnvVarsInLog = 0;
		};
/* End PBXShellScriptBuildPhase section */

/* Begin PBXSourcesBuildPhase section */
		3137F9AC23A8BA4700D8D8FF /* Sources */ = {
			isa = PBXSourcesBuildPhase;
			buildActionMask = 2147483647;
			files = (
				57D5DAFA23E7185A0019392D /* ReusableIdText.swift in Sources */,
				3137F9B623A8BA4800D8D8FF /* ViewController.swift in Sources */,
				3105B11F23C94522004EA64A /* AddressTableCardViewController.swift in Sources */,
				314EB2E4240818080074D825 /* SlidePayment.swift in Sources */,
				9065F15023E28BCA00F60A40 /* PedidosViewController.swift in Sources */,
				31510F3B23FD03F1005D9967 /* ResponseData.swift in Sources */,
				57ACFB6023C9C8DC00357C85 /* PaymentDataViewController.swift in Sources */,
				57D1BAF223BFB01B00551DA7 /* RegisterViewController.swift in Sources */,
				9055278823E67E540088FCB0 /* aclaracionViewController.swift in Sources */,
				90C9179B23C7144C0017B615 /* fieldUnderline.swift in Sources */,
				57ACFB6623C9E68400357C85 /* AddressDataViewController.swift in Sources */,
				31B1F8F12404E9870013CB59 /* SalesParameters.swift in Sources */,
				31119D0B23FEFEEE003B67DB /* HistoricalTable.swift in Sources */,
				9065F15223E2959A00F60A40 /* DetallePedidosViewController.swift in Sources */,
				57ACFB5C23C9969F00357C85 /* ImageConverter.swift in Sources */,
				9065F15623E34AD900F60A40 /* PedidoHistoricoTableViewCell.swift in Sources */,
				31F9E7A423F0741A00403DC6 /* ResponseOrder.swift in Sources */,
				57B7B33D23C26E4000731CE7 /* LostPasswordViewController.swift in Sources */,
				31BE0A752401D09600FE7D70 /* DocumentsTableViewCell.swift in Sources */,
				57E3620323D214EF003931AD /* KeysDatailZC.swift in Sources */,
				31C2EBF823EBB5BE00F2323C /* AcceptOrderViewController.swift in Sources */,
				3189226124005DEB003FF7D0 /* BoardViewController.swift in Sources */,
				31510F3F23FD17F7005D9967 /* CommentsTableViewCell.swift in Sources */,
				5712CA9223D14957007284F2 /* ImagePicker.swift in Sources */,
				90C9179C23C7144C0017B615 /* roundedBtn.swift in Sources */,
				57B2057823C66BC2005FF554 /* Personal.swift in Sources */,
				57CD140C23BEAD0C0056913B /* Cliente.swift in Sources */,
				57E0BEB523BAA32200F60209 /* WSKeys.swift in Sources */,
				57E3620123D21469003931AD /* DataByZipCode.swift in Sources */,
				3105B12523CA4266004EA64A /* AddressTable.swift in Sources */,
				3129D2C12407A6190035C245 /* CuentaBancariaViewController.swift in Sources */,
				31FA1A562400BEF80038C270 /* DocumentsViewController.swift in Sources */,
				57B7B34823C2B4F000731CE7 /* Response.swift in Sources */,
				57E7C08E23EBA35C00D51FE7 /* ConfirmCancelViewController.swift in Sources */,
				3178F9892402556400FD3157 /* TankTruckData.swift in Sources */,
				3105B12123C94729004EA64A /* AddressTableViewCell.swift in Sources */,
				31B3586823C404CD00707C82 /* RequestOrderViewController.swift in Sources */,
				57D1BAF623C001D200551DA7 /* Direcciones.swift in Sources */,
				57F0183F23DC824600213DFC /* MapPinView.swift in Sources */,
				31C05B7E23FC81E5003A260D /* QueriesViewController.swift in Sources */,
				57D35CCD23E4CFFD00DE251C /* SendNearDriverViewController.swift in Sources */,
				57F0183D23DC563E00213DFC /* MapPin.swift in Sources */,
				57B857EB23BDE90A0012BF94 /* Router.swift in Sources */,
				90E29AED23D24F5E00677E48 /* usuarioViewController.swift in Sources */,
				57D1BAF823C0028F00551DA7 /* Asentamiento.swift in Sources */,
				3154D05223FEDE7D00AB6E70 /* HistoricalTableViewCell.swift in Sources */,
				31892263240077D8003FF7D0 /* BoardTableViewCell.swift in Sources */,
				57B7B33F23C26E8500731CE7 /* VerifyCodeViewController.swift in Sources */,
				311DB69823D241DE00C8A989 /* SuburbsTable.swift in Sources */,
				57B7B33B23C26D4A00731CE7 /* MainViewController.swift in Sources */,
				57C22D4723C7A61100835B8F /* LoginModel.swift in Sources */,
				3154D05423FEDEDE00AB6E70 /* HistoricalTableViewController.swift in Sources */,
				57CD140923BE88AE0056913B /* RequestManager.swift in Sources */,
				57F80F3723D0DBC600913033 /* Status.swift in Sources */,
				310DB09323E3D2FE0068F72C /* NearDrivers.swift in Sources */,
				90E29AF723D7B93E00677E48 /* perfilViewController.swift in Sources */,
				318AB9BF23F50F7A00A62183 /* UpdateService.swift in Sources */,
				31510F3D23FD156E005D9967 /* DetailCommentsViewController.swift in Sources */,
				3137F9BC23A8BA4800D8D8FF /* cicili_conductor.xcdatamodeld in Sources */,
				57ACFB6823CA26EB00357C85 /* Address.swift in Sources */,
				57F0183923DC2BFE00213DFC /* AddressLocationViewController.swift in Sources */,
				318AB9C223F50FDC00A62183 /* DriverAnnotation.swift in Sources */,
				3130151F21DB1D80004E8AF0 /* CommentsTable.swift in Sources */,
				31C05B7C23FC8104003A260D /* QualificationViewController.swift in Sources */,
				57E7C08B23EAEAE000D51FE7 /* CardOrderViewController.swift in Sources */,
				90E29AEF23D25BF300677E48 /* MainTabController.swift in Sources */,
				57B7B34123C28A1E00731CE7 /* DIsmissSegue.swift in Sources */,
				31FA1A582400BF160038C270 /* AccountViewController.swift in Sources */,
				57F0183B23DC41DA00213DFC /* LocationManager.swift in Sources */,
				3181A3C324035C1900DCEC12 /* SalesReportViewController.swift in Sources */,
				311DB68B23D0E15900C8A989 /* AvailableDriversViewController.swift in Sources */,
				57D5DAF823E668630019392D /* NewOrderViewController.swift in Sources */,
				900741D623DFA40B00B1B29D /* SupplementaryDataViewController.swift in Sources */,
				317710482406BED40045DD44 /* LitersReportViewController.swift in Sources */,
				3130151D21DB188C004E8AF0 /* CommentsData.swift in Sources */,
				311DB69623D241A200C8A989 /* SuburbsTableViewCell.swift in Sources */,
				31936E9023D00DF300D49CDB /* AddressTableViewController.swift in Sources */,
				318AB9BD23F50F5E00A62183 /* DataService.swift in Sources */,
				57B2057623C6645A005FF554 /* PersonalDataViewController.swift in Sources */,
				314EB2E724083F010074D825 /* AccountData.swift in Sources */,
				57D35CD023E5161100DE251C /* Order.swift in Sources */,
				57E7C08823E9D8B000D51FE7 /* NewOrder.swift in Sources */,
				31AC78AA23E10971003230C0 /* HideCursor.swift in Sources */,
				311DB69123D0E39100C8A989 /* AvailableDrivers.swift in Sources */,
				57ACFB6223C9DA2700357C85 /* Payment.swift in Sources */,
				3137F9B423A8BA4800D8D8FF /* AppDelegate.swift in Sources */,
				31FA1A5A2400BF320038C270 /* TankTruckViewController.swift in Sources */,
				57B7B34623C2A47000731CE7 /* ListViewController.swift in Sources */,
				57BB85D023C654AE0057EE45 /* ForgotPasswordViewController.swift in Sources */,
				57CD140E23BEB97C0056913B /* Constants.swift in Sources */,
				31C2EBFA23EBB5F700F2323C /* RemoteNotification.swift in Sources */,
				311C7DE5240991C2000AEC47 /* AccountUpdateViewController.swift in Sources */,
				311DB68F23D0E35E00C8A989 /* AvailableDriversTableViewCell.swift in Sources */,
				57D1BAEE23BF516E00551DA7 /* AlertManager.swift in Sources */,
				31B3586B23C6374B00707C82 /* CardMapViewController.swift in Sources */,
				31F9E7A823F0DCF600403DC6 /* RequestedOrderViewController.swift in Sources */,
				57D5DAF523E65A210019392D /* CancelOrderViewController.swift in Sources */,
				31BE0A732401C5D400FE7D70 /* DocumentsData.swift in Sources */,
				900741D823DFABED00B1B29D /* direccionDetalleViewController.swift in Sources */,
				5702B72A23CFDD8A00DA81D3 /* VerifyStatus.swift in Sources */,
				9065F15423E295C000F60A40 /* DetalleProgramarPedidoViewController.swift in Sources */,
				311DB69423D2417600C8A989 /* SuburbsViewController.swift in Sources */,
				31BF497823F70E5500CA868A /* PassengerAnnotation.swift in Sources */,
			);
			runOnlyForDeploymentPostprocessing = 0;
		};
/* End PBXSourcesBuildPhase section */

/* Begin PBXVariantGroup section */
		3137F9B723A8BA4800D8D8FF /* Main.storyboard */ = {
			isa = PBXVariantGroup;
			children = (
				3137F9B823A8BA4800D8D8FF /* Base */,
			);
			name = Main.storyboard;
			sourceTree = "<group>";
		};
		3137F9BF23A8BA5000D8D8FF /* LaunchScreen.storyboard */ = {
			isa = PBXVariantGroup;
			children = (
				3137F9C023A8BA5000D8D8FF /* Base */,
			);
			name = LaunchScreen.storyboard;
			sourceTree = "<group>";
		};
/* End PBXVariantGroup section */

/* Begin XCBuildConfiguration section */
		3137F9C323A8BA5000D8D8FF /* Debug */ = {
			isa = XCBuildConfiguration;
			buildSettings = {
				ALWAYS_SEARCH_USER_PATHS = NO;
				CLANG_ANALYZER_NONNULL = YES;
				CLANG_ANALYZER_NUMBER_OBJECT_CONVERSION = YES_AGGRESSIVE;
				CLANG_CXX_LANGUAGE_STANDARD = "gnu++14";
				CLANG_CXX_LIBRARY = "libc++";
				CLANG_ENABLE_MODULES = YES;
				CLANG_ENABLE_OBJC_ARC = YES;
				CLANG_ENABLE_OBJC_WEAK = YES;
				CLANG_WARN_BLOCK_CAPTURE_AUTORELEASING = YES;
				CLANG_WARN_BOOL_CONVERSION = YES;
				CLANG_WARN_COMMA = YES;
				CLANG_WARN_CONSTANT_CONVERSION = YES;
				CLANG_WARN_DEPRECATED_OBJC_IMPLEMENTATIONS = YES;
				CLANG_WARN_DIRECT_OBJC_ISA_USAGE = YES_ERROR;
				CLANG_WARN_DOCUMENTATION_COMMENTS = YES;
				CLANG_WARN_EMPTY_BODY = YES;
				CLANG_WARN_ENUM_CONVERSION = YES;
				CLANG_WARN_INFINITE_RECURSION = YES;
				CLANG_WARN_INT_CONVERSION = YES;
				CLANG_WARN_NON_LITERAL_NULL_CONVERSION = YES;
				CLANG_WARN_OBJC_IMPLICIT_RETAIN_SELF = YES;
				CLANG_WARN_OBJC_LITERAL_CONVERSION = YES;
				CLANG_WARN_OBJC_ROOT_CLASS = YES_ERROR;
				CLANG_WARN_RANGE_LOOP_ANALYSIS = YES;
				CLANG_WARN_STRICT_PROTOTYPES = YES;
				CLANG_WARN_SUSPICIOUS_MOVE = YES;
				CLANG_WARN_UNGUARDED_AVAILABILITY = YES_AGGRESSIVE;
				CLANG_WARN_UNREACHABLE_CODE = YES;
				CLANG_WARN__DUPLICATE_METHOD_MATCH = YES;
				CODE_SIGN_IDENTITY = "iPhone Developer";
				COPY_PHASE_STRIP = NO;
				DEBUG_INFORMATION_FORMAT = dwarf;
				ENABLE_STRICT_OBJC_MSGSEND = YES;
				ENABLE_TESTABILITY = YES;
				GCC_C_LANGUAGE_STANDARD = gnu11;
				GCC_DYNAMIC_NO_PIC = NO;
				GCC_NO_COMMON_BLOCKS = YES;
				GCC_OPTIMIZATION_LEVEL = 0;
				GCC_PREPROCESSOR_DEFINITIONS = (
					"DEBUG=1",
					"$(inherited)",
				);
				GCC_WARN_64_TO_32_BIT_CONVERSION = YES;
				GCC_WARN_ABOUT_RETURN_TYPE = YES_ERROR;
				GCC_WARN_UNDECLARED_SELECTOR = YES;
				GCC_WARN_UNINITIALIZED_AUTOS = YES_AGGRESSIVE;
				GCC_WARN_UNUSED_FUNCTION = YES;
				GCC_WARN_UNUSED_VARIABLE = YES;
				IPHONEOS_DEPLOYMENT_TARGET = 12.1;
				MTL_ENABLE_DEBUG_INFO = INCLUDE_SOURCE;
				MTL_FAST_MATH = YES;
				ONLY_ACTIVE_ARCH = YES;
				SDKROOT = iphoneos;
				SWIFT_ACTIVE_COMPILATION_CONDITIONS = DEBUG;
				SWIFT_COMPILATION_MODE = wholemodule;
				SWIFT_OPTIMIZATION_LEVEL = "-O";
			};
			name = Debug;
		};
		3137F9C423A8BA5000D8D8FF /* Release */ = {
			isa = XCBuildConfiguration;
			buildSettings = {
				ALWAYS_SEARCH_USER_PATHS = NO;
				CLANG_ANALYZER_NONNULL = YES;
				CLANG_ANALYZER_NUMBER_OBJECT_CONVERSION = YES_AGGRESSIVE;
				CLANG_CXX_LANGUAGE_STANDARD = "gnu++14";
				CLANG_CXX_LIBRARY = "libc++";
				CLANG_ENABLE_MODULES = YES;
				CLANG_ENABLE_OBJC_ARC = YES;
				CLANG_ENABLE_OBJC_WEAK = YES;
				CLANG_WARN_BLOCK_CAPTURE_AUTORELEASING = YES;
				CLANG_WARN_BOOL_CONVERSION = YES;
				CLANG_WARN_COMMA = YES;
				CLANG_WARN_CONSTANT_CONVERSION = YES;
				CLANG_WARN_DEPRECATED_OBJC_IMPLEMENTATIONS = YES;
				CLANG_WARN_DIRECT_OBJC_ISA_USAGE = YES_ERROR;
				CLANG_WARN_DOCUMENTATION_COMMENTS = YES;
				CLANG_WARN_EMPTY_BODY = YES;
				CLANG_WARN_ENUM_CONVERSION = YES;
				CLANG_WARN_INFINITE_RECURSION = YES;
				CLANG_WARN_INT_CONVERSION = YES;
				CLANG_WARN_NON_LITERAL_NULL_CONVERSION = YES;
				CLANG_WARN_OBJC_IMPLICIT_RETAIN_SELF = YES;
				CLANG_WARN_OBJC_LITERAL_CONVERSION = YES;
				CLANG_WARN_OBJC_ROOT_CLASS = YES_ERROR;
				CLANG_WARN_RANGE_LOOP_ANALYSIS = YES;
				CLANG_WARN_STRICT_PROTOTYPES = YES;
				CLANG_WARN_SUSPICIOUS_MOVE = YES;
				CLANG_WARN_UNGUARDED_AVAILABILITY = YES_AGGRESSIVE;
				CLANG_WARN_UNREACHABLE_CODE = YES;
				CLANG_WARN__DUPLICATE_METHOD_MATCH = YES;
				CODE_SIGN_IDENTITY = "iPhone Developer";
				COPY_PHASE_STRIP = NO;
				DEBUG_INFORMATION_FORMAT = "dwarf-with-dsym";
				ENABLE_NS_ASSERTIONS = NO;
				ENABLE_STRICT_OBJC_MSGSEND = YES;
				GCC_C_LANGUAGE_STANDARD = gnu11;
				GCC_NO_COMMON_BLOCKS = YES;
				GCC_WARN_64_TO_32_BIT_CONVERSION = YES;
				GCC_WARN_ABOUT_RETURN_TYPE = YES_ERROR;
				GCC_WARN_UNDECLARED_SELECTOR = YES;
				GCC_WARN_UNINITIALIZED_AUTOS = YES_AGGRESSIVE;
				GCC_WARN_UNUSED_FUNCTION = YES;
				GCC_WARN_UNUSED_VARIABLE = YES;
				IPHONEOS_DEPLOYMENT_TARGET = 12.1;
				MTL_ENABLE_DEBUG_INFO = NO;
				MTL_FAST_MATH = YES;
				SDKROOT = iphoneos;
				SWIFT_COMPILATION_MODE = wholemodule;
				SWIFT_OPTIMIZATION_LEVEL = "-O";
				VALIDATE_PRODUCT = YES;
			};
			name = Release;
		};
		3137F9C623A8BA5000D8D8FF /* Debug */ = {
			isa = XCBuildConfiguration;
			baseConfigurationReference = 3A07504309748D5FBE418727 /* Pods-cicili_conductor.debug.xcconfig */;
			buildSettings = {
				ASSETCATALOG_COMPILER_APPICON_NAME = AppIcon;
				CODE_SIGN_ENTITLEMENTS = cicili_conductor/cicili_clienteDebug.entitlements;
				CODE_SIGN_IDENTITY = "Apple Development";
				"CODE_SIGN_IDENTITY[sdk=macosx*]" = "Apple Development";
				CODE_SIGN_STYLE = Automatic;
				DERIVE_MACCATALYST_PRODUCT_BUNDLE_IDENTIFIER = YES;
				DEVELOPMENT_TEAM = P39Q564ZNQ;
				INFOPLIST_FILE = cicili_conductor/Info.plist;
				IPHONEOS_DEPLOYMENT_TARGET = 10.0;
				LD_RUNPATH_SEARCH_PATHS = (
					"$(inherited)",
					"@executable_path/Frameworks",
				);
				PRODUCT_BUNDLE_IDENTIFIER = com.cicili.clienteios;
				PRODUCT_NAME = cicili_conductor;
				PROVISIONING_PROFILE_SPECIFIER = "";
				"PROVISIONING_PROFILE_SPECIFIER[sdk=macosx*]" = "";
				SUPPORTS_MACCATALYST = YES;
				SWIFT_VERSION = 5.0;
				TARGETED_DEVICE_FAMILY = "1,2";
			};
			name = Debug;
		};
		3137F9C723A8BA5000D8D8FF /* Release */ = {
			isa = XCBuildConfiguration;
			baseConfigurationReference = 645FEFE2CBDEE004E0539239 /* Pods-cicili_conductor.release.xcconfig */;
			buildSettings = {
				ASSETCATALOG_COMPILER_APPICON_NAME = AppIcon;
				CODE_SIGN_ENTITLEMENTS = cicili_conductor/cicili_cliente.entitlements;
				CODE_SIGN_IDENTITY = "Apple Development";
				CODE_SIGN_STYLE = Automatic;
				DERIVE_MACCATALYST_PRODUCT_BUNDLE_IDENTIFIER = YES;
				DEVELOPMENT_TEAM = P39Q564ZNQ;
				INFOPLIST_FILE = cicili_conductor/Info.plist;
				IPHONEOS_DEPLOYMENT_TARGET = 10.0;
				LD_RUNPATH_SEARCH_PATHS = (
					"$(inherited)",
					"@executable_path/Frameworks",
				);
				PRODUCT_BUNDLE_IDENTIFIER = com.cicili.clienteos;
				PRODUCT_NAME = cicili_conductor;
				PROVISIONING_PROFILE_SPECIFIER = "";
				SUPPORTS_MACCATALYST = YES;
				SWIFT_VERSION = 5.0;
				TARGETED_DEVICE_FAMILY = "1,2";
			};
			name = Release;
		};
/* End XCBuildConfiguration section */

/* Begin XCConfigurationList section */
		3137F9AB23A8BA4700D8D8FF /* Build configuration list for PBXProject "cicili_conductor" */ = {
			isa = XCConfigurationList;
			buildConfigurations = (
				3137F9C323A8BA5000D8D8FF /* Debug */,
				3137F9C423A8BA5000D8D8FF /* Release */,
			);
			defaultConfigurationIsVisible = 0;
			defaultConfigurationName = Release;
		};
		3137F9C523A8BA5000D8D8FF /* Build configuration list for PBXNativeTarget "cicili_conductor" */ = {
			isa = XCConfigurationList;
			buildConfigurations = (
				3137F9C623A8BA5000D8D8FF /* Debug */,
				3137F9C723A8BA5000D8D8FF /* Release */,
			);
			defaultConfigurationIsVisible = 0;
			defaultConfigurationName = Release;
		};
/* End XCConfigurationList section */

/* Begin XCVersionGroup section */
		3137F9BA23A8BA4800D8D8FF /* cicili_conductor.xcdatamodeld */ = {
			isa = XCVersionGroup;
			children = (
				3137F9BB23A8BA4800D8D8FF /* cicili_cliente.xcdatamodel */,
			);
			currentVersion = 3137F9BB23A8BA4800D8D8FF /* cicili_cliente.xcdatamodel */;
			path = cicili_conductor.xcdatamodeld;
			sourceTree = "<group>";
			versionGroupType = wrapper.xcdatamodel;
		};
/* End XCVersionGroup section */
	};
	rootObject = 3137F9A823A8BA4700D8D8FF /* Project object */;
}
